
Microsoft Visual Studio Solution File, Format Version 12.00
# Visual Studio Version 17
VisualStudioVersion = 17.13.35931.197 d17.13
MinimumVisualStudioVersion = 10.0.40219.1
Project("{FAE04EC0-301F-11D3-BF4B-00C04F79EFBC}") = "FileManager", "FileManager\FileManager.csproj", "{514E7B5D-B289-45FC-AE72-739D062A175A}"
	ProjectSection(ProjectDependencies) = postProject
		{28605FEF-AE74-4AAB-A049-B6BFF400EC5D} = {28605FEF-AE74-4AAB-A049-B6BFF400EC5D}
		{386DFDE5-98D4-45B2-9277-52C322AD3357} = {386DFDE5-98D4-45B2-9277-52C322AD3357}
	EndProjectSection
EndProject
Project("{FAE04EC0-301F-11D3-BF4B-00C04F79EFBC}") = "FileManager.Core", "FileManager.Core\FileManager.Core.csproj", "{28605FEF-AE74-4AAB-A049-B6BFF400EC5D}"
EndProject
Project("{FAE04EC0-301F-11D3-BF4B-00C04F79EFBC}") = "FileManager.Infrastructure", "FileManager.Infrastructure\FileManager.Infrastructure.csproj", "{386DFDE5-98D4-45B2-9277-52C322AD3357}"
	ProjectSection(ProjectDependencies) = postProject
		{28605FEF-AE74-4AAB-A049-B6BFF400EC5D} = {28605FEF-AE74-4AAB-A049-B6BFF400EC5D}
	EndProjectSection
EndProject
Global
	GlobalSection(SolutionConfigurationPlatforms) = preSolution
		Debug|Any CPU = Debug|Any CPU
		Release|Any CPU = Release|Any CPU
	EndGlobalSection
	GlobalSection(ProjectConfigurationPlatforms) = postSolution
		{514E7B5D-B289-45FC-AE72-739D062A175A}.Debug|Any CPU.ActiveCfg = Debug|Any CPU
		{514E7B5D-B289-45FC-AE72-739D062A175A}.Debug|Any CPU.Build.0 = Debug|Any CPU
		{514E7B5D-B289-45FC-AE72-739D062A175A}.Release|Any CPU.ActiveCfg = Release|Any CPU
		{514E7B5D-B289-45FC-AE72-739D062A175A}.Release|Any CPU.Build.0 = Release|Any CPU
		{28605FEF-AE74-4AAB-A049-B6BFF400EC5D}.Debug|Any CPU.ActiveCfg = Debug|Any CPU
		{28605FEF-AE74-4AAB-A049-B6BFF400EC5D}.Debug|Any CPU.Build.0 = Debug|Any CPU
		{28605FEF-AE74-4AAB-A049-B6BFF400EC5D}.Release|Any CPU.ActiveCfg = Release|Any CPU
		{28605FEF-AE74-4AAB-A049-B6BFF400EC5D}.Release|Any CPU.Build.0 = Release|Any CPU
		{386DFDE5-98D4-45B2-9277-52C322AD3357}.Debug|Any CPU.ActiveCfg = Debug|Any CPU
		{386DFDE5-98D4-45B2-9277-52C322AD3357}.Debug|Any CPU.Build.0 = Debug|Any CPU
		{386DFDE5-98D4-45B2-9277-52C322AD3357}.Release|Any CPU.ActiveCfg = Release|Any CPU
		{386DFDE5-98D4-45B2-9277-52C322AD3357}.Release|Any CPU.Build.0 = Release|Any CPU
	EndGlobalSection
	GlobalSection(SolutionProperties) = preSolution
		HideSolutionNode = FALSE
	EndGlobalSection
	GlobalSection(ExtensibilityGlobals) = postSolution
		SolutionGuid = {755358D2-1BA7-4849-B1CA-401328C7E658}
	EndGlobalSection
EndGlobal
